// !$*UTF8*$!
{
	archiveVersion = 1;
	classes = {
	};
	objectVersion = 46;
	objects = {

/* Begin PBXBuildFile section */
		0325FD751CE2329F00366FFF /* AppDelegate.swift in Sources */ = {isa = PBXBuildFile; fileRef = 0325FD741CE2329F00366FFF /* AppDelegate.swift */; };
		0325FD7A1CE2329F00366FFF /* Main.storyboard in Resources */ = {isa = PBXBuildFile; fileRef = 0325FD781CE2329F00366FFF /* Main.storyboard */; };
		0325FD7C1CE2329F00366FFF /* Assets.xcassets in Resources */ = {isa = PBXBuildFile; fileRef = 0325FD7B1CE2329F00366FFF /* Assets.xcassets */; };
		0325FD7F1CE2329F00366FFF /* LaunchScreen.storyboard in Resources */ = {isa = PBXBuildFile; fileRef = 0325FD7D1CE2329F00366FFF /* LaunchScreen.storyboard */; };
		0325FD871CE232EE00366FFF /* FruitMultiCellTypeMultiSectionTableViewController.swift in Sources */ = {isa = PBXBuildFile; fileRef = 0325FD861CE232EE00366FFF /* FruitMultiCellTypeMultiSectionTableViewController.swift */; };
		0325FD8A1CE2332600366FFF /* ConfigurableView.swift in Sources */ = {isa = PBXBuildFile; fileRef = 0325FD891CE2332600366FFF /* ConfigurableView.swift */; };
		0325FD8E1CE2338100366FFF /* Apple.swift in Sources */ = {isa = PBXBuildFile; fileRef = 0325FD8D1CE2338100366FFF /* Apple.swift */; };
		0325FD901CE233A300366FFF /* AppleTableViewCell.swift in Sources */ = {isa = PBXBuildFile; fileRef = 0325FD8F1CE233A300366FFF /* AppleTableViewCell.swift */; };
		0325FD961CE2512F00366FFF /* ReusableView.swift in Sources */ = {isa = PBXBuildFile; fileRef = 0325FD951CE2512F00366FFF /* ReusableView.swift */; };
		0325FD9D1CE259D600366FFF /* DoubleExtensions.swift in Sources */ = {isa = PBXBuildFile; fileRef = 0325FD9C1CE259D600366FFF /* DoubleExtensions.swift */; };
		033C52191CE5702C00A1CA59 /* RottenAppleTableViewCell.swift in Sources */ = {isa = PBXBuildFile; fileRef = 033C52181CE5702C00A1CA59 /* RottenAppleTableViewCell.swift */; };
		033C521D1CE6365D00A1CA59 /* CellDequeueable.swift in Sources */ = {isa = PBXBuildFile; fileRef = 033C521C1CE6365D00A1CA59 /* CellDequeueable.swift */; };
		03520D341CEBB23500272654 /* swiftytableframework.h in Headers */ = {isa = PBXBuildFile; fileRef = 03520D331CEBB23500272654 /* swiftytableframework.h */; settings = {ATTRIBUTES = (Public, ); }; };
		03520D381CEBB23500272654 /* swiftytableframework.framework in Frameworks */ = {isa = PBXBuildFile; fileRef = 03520D311CEBB23500272654 /* swiftytableframework.framework */; };
		03520D391CEBB23500272654 /* swiftytableframework.framework in Embed Frameworks */ = {isa = PBXBuildFile; fileRef = 03520D311CEBB23500272654 /* swiftytableframework.framework */; settings = {ATTRIBUTES = (CodeSignOnCopy, RemoveHeadersOnCopy, ); }; };
		03520D3E1CEBB26D00272654 /* CellDequeueable.swift in Sources */ = {isa = PBXBuildFile; fileRef = 033C521C1CE6365D00A1CA59 /* CellDequeueable.swift */; };
		03520D3F1CEBB27000272654 /* CellDisplayable.swift in Sources */ = {isa = PBXBuildFile; fileRef = 03712A501CEB556400E50318 /* CellDisplayable.swift */; };
		03520D401CEBB27200272654 /* ConfigurableView.swift in Sources */ = {isa = PBXBuildFile; fileRef = 0325FD891CE2332600366FFF /* ConfigurableView.swift */; };
		03520D411CEBB27500272654 /* ReusableView.swift in Sources */ = {isa = PBXBuildFile; fileRef = 0325FD951CE2512F00366FFF /* ReusableView.swift */; };
		03520D421CEBB27700272654 /* Section.swift in Sources */ = {isa = PBXBuildFile; fileRef = 03712A541CEB94A700E50318 /* Section.swift */; };
		03520D431CEBB27900272654 /* UITableViewDataSources.swift in Sources */ = {isa = PBXBuildFile; fileRef = 03712A561CEB9A4500E50318 /* UITableViewDataSources.swift */; };
		03712A511CEB556400E50318 /* CellDisplayable.swift in Sources */ = {isa = PBXBuildFile; fileRef = 03712A501CEB556400E50318 /* CellDisplayable.swift */; };
		03712A531CEB55F400E50318 /* ModelExtensions.swift in Sources */ = {isa = PBXBuildFile; fileRef = 03712A521CEB55F400E50318 /* ModelExtensions.swift */; };
		03712A551CEB94A700E50318 /* Section.swift in Sources */ = {isa = PBXBuildFile; fileRef = 03712A541CEB94A700E50318 /* Section.swift */; };
		03712A571CEB9A4500E50318 /* UITableViewDataSources.swift in Sources */ = {isa = PBXBuildFile; fileRef = 03712A561CEB9A4500E50318 /* UITableViewDataSources.swift */; };
		03712A591CEBA01900E50318 /* FruitSingleCellMultiSectionTableViewController.swift in Sources */ = {isa = PBXBuildFile; fileRef = 03712A581CEBA01900E50318 /* FruitSingleCellMultiSectionTableViewController.swift */; };
		03712A5B1CEBA1C400E50318 /* FruitMultiCellSingleSectionTableViewController.swift in Sources */ = {isa = PBXBuildFile; fileRef = 03712A5A1CEBA1C400E50318 /* FruitMultiCellSingleSectionTableViewController.swift */; };
		03712A5D1CEBA29200E50318 /* FruitSingleCellSingleSectionTableViewController.swift in Sources */ = {isa = PBXBuildFile; fileRef = 03712A5C1CEBA29200E50318 /* FruitSingleCellSingleSectionTableViewController.swift */; };
		03DFD4F11CE4D4E20080459E /* TotalTableViewCell.swift in Sources */ = {isa = PBXBuildFile; fileRef = 03DFD4F01CE4D4E20080459E /* TotalTableViewCell.swift */; };
		03DFD4F31CE4D5020080459E /* Total.swift in Sources */ = {isa = PBXBuildFile; fileRef = 03DFD4F21CE4D5020080459E /* Total.swift */; };
/* End PBXBuildFile section */

/* Begin PBXContainerItemProxy section */
		03520D361CEBB23500272654 /* PBXContainerItemProxy */ = {
			isa = PBXContainerItemProxy;
			containerPortal = 0325FD691CE2329F00366FFF /* Project object */;
			proxyType = 1;
			remoteGlobalIDString = 03520D301CEBB23500272654;
			remoteInfo = swiftytableframework;
		};
/* End PBXContainerItemProxy section */

/* Begin PBXCopyFilesBuildPhase section */
		03520D3D1CEBB23500272654 /* Embed Frameworks */ = {
			isa = PBXCopyFilesBuildPhase;
			buildActionMask = 2147483647;
			dstPath = "";
			dstSubfolderSpec = 10;
			files = (
				03520D391CEBB23500272654 /* swiftytableframework.framework in Embed Frameworks */,
			);
			name = "Embed Frameworks";
			runOnlyForDeploymentPostprocessing = 0;
		};
/* End PBXCopyFilesBuildPhase section */

/* Begin PBXFileReference section */
		0325FD711CE2329F00366FFF /* SwiftyTable.app */ = {isa = PBXFileReference; explicitFileType = wrapper.application; includeInIndex = 0; path = SwiftyTable.app; sourceTree = BUILT_PRODUCTS_DIR; };
		0325FD741CE2329F00366FFF /* AppDelegate.swift */ = {isa = PBXFileReference; lastKnownFileType = sourcecode.swift; path = AppDelegate.swift; sourceTree = "<group>"; };
		0325FD791CE2329F00366FFF /* Base */ = {isa = PBXFileReference; lastKnownFileType = file.storyboard; name = Base; path = Base.lproj/Main.storyboard; sourceTree = "<group>"; };
		0325FD7B1CE2329F00366FFF /* Assets.xcassets */ = {isa = PBXFileReference; lastKnownFileType = folder.assetcatalog; path = Assets.xcassets; sourceTree = "<group>"; };
		0325FD7E1CE2329F00366FFF /* Base */ = {isa = PBXFileReference; lastKnownFileType = file.storyboard; name = Base; path = Base.lproj/LaunchScreen.storyboard; sourceTree = "<group>"; };
		0325FD801CE2329F00366FFF /* Info.plist */ = {isa = PBXFileReference; lastKnownFileType = text.plist.xml; path = Info.plist; sourceTree = "<group>"; };
		0325FD861CE232EE00366FFF /* FruitMultiCellTypeMultiSectionTableViewController.swift */ = {isa = PBXFileReference; fileEncoding = 4; lastKnownFileType = sourcecode.swift; path = FruitMultiCellTypeMultiSectionTableViewController.swift; sourceTree = "<group>"; };
		0325FD891CE2332600366FFF /* ConfigurableView.swift */ = {isa = PBXFileReference; fileEncoding = 4; lastKnownFileType = sourcecode.swift; name = ConfigurableView.swift; path = ../SwiftyTable/ConfigurableView.swift; sourceTree = "<group>"; };
		0325FD8D1CE2338100366FFF /* Apple.swift */ = {isa = PBXFileReference; fileEncoding = 4; lastKnownFileType = sourcecode.swift; path = Apple.swift; sourceTree = "<group>"; };
		0325FD8F1CE233A300366FFF /* AppleTableViewCell.swift */ = {isa = PBXFileReference; fileEncoding = 4; lastKnownFileType = sourcecode.swift; path = AppleTableViewCell.swift; sourceTree = "<group>"; };
		0325FD951CE2512F00366FFF /* ReusableView.swift */ = {isa = PBXFileReference; fileEncoding = 4; lastKnownFileType = sourcecode.swift; name = ReusableView.swift; path = ../SwiftyTable/ReusableView.swift; sourceTree = "<group>"; };
		0325FD9C1CE259D600366FFF /* DoubleExtensions.swift */ = {isa = PBXFileReference; fileEncoding = 4; lastKnownFileType = sourcecode.swift; path = DoubleExtensions.swift; sourceTree = "<group>"; };
		033C52181CE5702C00A1CA59 /* RottenAppleTableViewCell.swift */ = {isa = PBXFileReference; fileEncoding = 4; lastKnownFileType = sourcecode.swift; path = RottenAppleTableViewCell.swift; sourceTree = "<group>"; };
		033C521C1CE6365D00A1CA59 /* CellDequeueable.swift */ = {isa = PBXFileReference; fileEncoding = 4; lastKnownFileType = sourcecode.swift; name = CellDequeueable.swift; path = ../SwiftyTable/CellDequeueable.swift; sourceTree = "<group>"; };
		03520D311CEBB23500272654 /* swiftytableframework.framework */ = {isa = PBXFileReference; explicitFileType = wrapper.framework; includeInIndex = 0; path = swiftytableframework.framework; sourceTree = BUILT_PRODUCTS_DIR; };
		03520D331CEBB23500272654 /* swiftytableframework.h */ = {isa = PBXFileReference; lastKnownFileType = sourcecode.c.h; path = swiftytableframework.h; sourceTree = "<group>"; };
		03520D351CEBB23500272654 /* Info.plist */ = {isa = PBXFileReference; lastKnownFileType = text.plist.xml; path = Info.plist; sourceTree = "<group>"; };
		03712A501CEB556400E50318 /* CellDisplayable.swift */ = {isa = PBXFileReference; fileEncoding = 4; lastKnownFileType = sourcecode.swift; name = CellDisplayable.swift; path = ../SwiftyTable/CellDisplayable.swift; sourceTree = "<group>"; };
		03712A521CEB55F400E50318 /* ModelExtensions.swift */ = {isa = PBXFileReference; fileEncoding = 4; lastKnownFileType = sourcecode.swift; path = ModelExtensions.swift; sourceTree = "<group>"; };
		03712A541CEB94A700E50318 /* Section.swift */ = {isa = PBXFileReference; fileEncoding = 4; lastKnownFileType = sourcecode.swift; name = Section.swift; path = ../SwiftyTable/Section.swift; sourceTree = "<group>"; };
		03712A561CEB9A4500E50318 /* UITableViewDataSources.swift */ = {isa = PBXFileReference; fileEncoding = 4; lastKnownFileType = sourcecode.swift; name = UITableViewDataSources.swift; path = ../SwiftyTable/UITableViewDataSources.swift; sourceTree = "<group>"; };
		03712A581CEBA01900E50318 /* FruitSingleCellMultiSectionTableViewController.swift */ = {isa = PBXFileReference; fileEncoding = 4; lastKnownFileType = sourcecode.swift; path = FruitSingleCellMultiSectionTableViewController.swift; sourceTree = "<group>"; };
		03712A5A1CEBA1C400E50318 /* FruitMultiCellSingleSectionTableViewController.swift */ = {isa = PBXFileReference; fileEncoding = 4; lastKnownFileType = sourcecode.swift; path = FruitMultiCellSingleSectionTableViewController.swift; sourceTree = "<group>"; };
		03712A5C1CEBA29200E50318 /* FruitSingleCellSingleSectionTableViewController.swift */ = {isa = PBXFileReference; fileEncoding = 4; lastKnownFileType = sourcecode.swift; path = FruitSingleCellSingleSectionTableViewController.swift; sourceTree = "<group>"; };
		03DFD4F01CE4D4E20080459E /* TotalTableViewCell.swift */ = {isa = PBXFileReference; fileEncoding = 4; lastKnownFileType = sourcecode.swift; path = TotalTableViewCell.swift; sourceTree = "<group>"; };
		03DFD4F21CE4D5020080459E /* Total.swift */ = {isa = PBXFileReference; fileEncoding = 4; lastKnownFileType = sourcecode.swift; path = Total.swift; sourceTree = "<group>"; };
/* End PBXFileReference section */

/* Begin PBXFrameworksBuildPhase section */
		0325FD6E1CE2329F00366FFF /* Frameworks */ = {
			isa = PBXFrameworksBuildPhase;
			buildActionMask = 2147483647;
			files = (
				03520D381CEBB23500272654 /* swiftytableframework.framework in Frameworks */,
			);
			runOnlyForDeploymentPostprocessing = 0;
		};
		03520D2D1CEBB23500272654 /* Frameworks */ = {
			isa = PBXFrameworksBuildPhase;
			buildActionMask = 2147483647;
			files = (
			);
			runOnlyForDeploymentPostprocessing = 0;
		};
/* End PBXFrameworksBuildPhase section */

/* Begin PBXGroup section */
		0325FD681CE2329F00366FFF = {
			isa = PBXGroup;
			children = (
				0325FD731CE2329F00366FFF /* SwiftyTable */,
				03520D321CEBB23500272654 /* swiftytableframework */,
				0325FD721CE2329F00366FFF /* Products */,
			);
			sourceTree = "<group>";
		};
		0325FD721CE2329F00366FFF /* Products */ = {
			isa = PBXGroup;
			children = (
				0325FD711CE2329F00366FFF /* SwiftyTable.app */,
				03520D311CEBB23500272654 /* swiftytableframework.framework */,
			);
			name = Products;
			sourceTree = "<group>";
		};
		0325FD731CE2329F00366FFF /* SwiftyTable */ = {
			isa = PBXGroup;
			children = (
				0325FD991CE2599300366FFF /* extensions */,
				0325FD8C1CE2336E00366FFF /* model */,
				0325FD8B1CE2336200366FFF /* cells */,
				0325FD741CE2329F00366FFF /* AppDelegate.swift */,
				0325FD781CE2329F00366FFF /* Main.storyboard */,
				0325FD7B1CE2329F00366FFF /* Assets.xcassets */,
				0325FD7D1CE2329F00366FFF /* LaunchScreen.storyboard */,
				0325FD801CE2329F00366FFF /* Info.plist */,
				03712A521CEB55F400E50318 /* ModelExtensions.swift */,
				0325FD861CE232EE00366FFF /* FruitMultiCellTypeMultiSectionTableViewController.swift */,
				03712A581CEBA01900E50318 /* FruitSingleCellMultiSectionTableViewController.swift */,
				03712A5A1CEBA1C400E50318 /* FruitMultiCellSingleSectionTableViewController.swift */,
				03712A5C1CEBA29200E50318 /* FruitSingleCellSingleSectionTableViewController.swift */,
			);
			path = SwiftyTable;
			sourceTree = "<group>";
		};
		0325FD8B1CE2336200366FFF /* cells */ = {
			isa = PBXGroup;
			children = (
				0325FD8F1CE233A300366FFF /* AppleTableViewCell.swift */,
				03DFD4F01CE4D4E20080459E /* TotalTableViewCell.swift */,
				033C52181CE5702C00A1CA59 /* RottenAppleTableViewCell.swift */,
			);
			name = cells;
			sourceTree = "<group>";
		};
		0325FD8C1CE2336E00366FFF /* model */ = {
			isa = PBXGroup;
			children = (
				0325FD8D1CE2338100366FFF /* Apple.swift */,
				03DFD4F21CE4D5020080459E /* Total.swift */,
			);
			name = model;
			sourceTree = "<group>";
		};
		0325FD991CE2599300366FFF /* extensions */ = {
			isa = PBXGroup;
			children = (
				0325FD9C1CE259D600366FFF /* DoubleExtensions.swift */,
			);
			name = extensions;
			sourceTree = "<group>";
		};
		03520D321CEBB23500272654 /* swiftytableframework */ = {
			isa = PBXGroup;
			children = (
				03520D331CEBB23500272654 /* swiftytableframework.h */,
				03520D351CEBB23500272654 /* Info.plist */,
				033C521C1CE6365D00A1CA59 /* CellDequeueable.swift */,
				03712A501CEB556400E50318 /* CellDisplayable.swift */,
				0325FD891CE2332600366FFF /* ConfigurableView.swift */,
				0325FD951CE2512F00366FFF /* ReusableView.swift */,
				03712A541CEB94A700E50318 /* Section.swift */,
				03712A561CEB9A4500E50318 /* UITableViewDataSources.swift */,
			);
			path = swiftytableframework;
			sourceTree = "<group>";
		};
/* End PBXGroup section */

/* Begin PBXHeadersBuildPhase section */
		03520D2E1CEBB23500272654 /* Headers */ = {
			isa = PBXHeadersBuildPhase;
			buildActionMask = 2147483647;
			files = (
				03520D341CEBB23500272654 /* swiftytableframework.h in Headers */,
			);
			runOnlyForDeploymentPostprocessing = 0;
		};
/* End PBXHeadersBuildPhase section */

/* Begin PBXNativeTarget section */
		0325FD701CE2329F00366FFF /* SwiftyTable */ = {
			isa = PBXNativeTarget;
			buildConfigurationList = 0325FD831CE2329F00366FFF /* Build configuration list for PBXNativeTarget "SwiftyTable" */;
			buildPhases = (
				0325FD6D1CE2329F00366FFF /* Sources */,
				0325FD6E1CE2329F00366FFF /* Frameworks */,
				0325FD6F1CE2329F00366FFF /* Resources */,
				03520D3D1CEBB23500272654 /* Embed Frameworks */,
			);
			buildRules = (
			);
			dependencies = (
				03520D371CEBB23500272654 /* PBXTargetDependency */,
			);
			name = SwiftyTable;
			productName = SwiftyTable;
			productReference = 0325FD711CE2329F00366FFF /* SwiftyTable.app */;
			productType = "com.apple.product-type.application";
		};
		03520D301CEBB23500272654 /* swiftytableframework */ = {
			isa = PBXNativeTarget;
			buildConfigurationList = 03520D3C1CEBB23500272654 /* Build configuration list for PBXNativeTarget "swiftytableframework" */;
			buildPhases = (
				03520D2C1CEBB23500272654 /* Sources */,
				03520D2D1CEBB23500272654 /* Frameworks */,
				03520D2E1CEBB23500272654 /* Headers */,
				03520D2F1CEBB23500272654 /* Resources */,
			);
			buildRules = (
			);
			dependencies = (
			);
			name = swiftytableframework;
			productName = swiftytableframework;
			productReference = 03520D311CEBB23500272654 /* swiftytableframework.framework */;
			productType = "com.apple.product-type.framework";
		};
/* End PBXNativeTarget section */

/* Begin PBXProject section */
		0325FD691CE2329F00366FFF /* Project object */ = {
			isa = PBXProject;
			attributes = {
				LastSwiftUpdateCheck = 0730;
				LastUpgradeCheck = 0730;
				ORGANIZATIONNAME = adams;
				TargetAttributes = {
					0325FD701CE2329F00366FFF = {
						CreatedOnToolsVersion = 7.3;
					};
					03520D301CEBB23500272654 = {
						CreatedOnToolsVersion = 7.3;
					};
				};
			};
			buildConfigurationList = 0325FD6C1CE2329F00366FFF /* Build configuration list for PBXProject "SwiftyTable" */;
			compatibilityVersion = "Xcode 3.2";
			developmentRegion = English;
			hasScannedForEncodings = 0;
			knownRegions = (
				en,
				Base,
			);
			mainGroup = 0325FD681CE2329F00366FFF;
			productRefGroup = 0325FD721CE2329F00366FFF /* Products */;
			projectDirPath = "";
			projectRoot = "";
			targets = (
				0325FD701CE2329F00366FFF /* SwiftyTable */,
				03520D301CEBB23500272654 /* swiftytableframework */,
			);
		};
/* End PBXProject section */

/* Begin PBXResourcesBuildPhase section */
		0325FD6F1CE2329F00366FFF /* Resources */ = {
			isa = PBXResourcesBuildPhase;
			buildActionMask = 2147483647;
			files = (
				0325FD7F1CE2329F00366FFF /* LaunchScreen.storyboard in Resources */,
				0325FD7C1CE2329F00366FFF /* Assets.xcassets in Resources */,
				0325FD7A1CE2329F00366FFF /* Main.storyboard in Resources */,
			);
			runOnlyForDeploymentPostprocessing = 0;
		};
		03520D2F1CEBB23500272654 /* Resources */ = {
			isa = PBXResourcesBuildPhase;
			buildActionMask = 2147483647;
			files = (
			);
			runOnlyForDeploymentPostprocessing = 0;
		};
/* End PBXResourcesBuildPhase section */

/* Begin PBXSourcesBuildPhase section */
		0325FD6D1CE2329F00366FFF /* Sources */ = {
			isa = PBXSourcesBuildPhase;
			buildActionMask = 2147483647;
			files = (
				03712A5D1CEBA29200E50318 /* FruitSingleCellSingleSectionTableViewController.swift in Sources */,
				03712A551CEB94A700E50318 /* Section.swift in Sources */,
				03712A511CEB556400E50318 /* CellDisplayable.swift in Sources */,
				03712A591CEBA01900E50318 /* FruitSingleCellMultiSectionTableViewController.swift in Sources */,
				03712A531CEB55F400E50318 /* ModelExtensions.swift in Sources */,
				0325FD8E1CE2338100366FFF /* Apple.swift in Sources */,
				0325FD9D1CE259D600366FFF /* DoubleExtensions.swift in Sources */,
				0325FD8A1CE2332600366FFF /* ConfigurableView.swift in Sources */,
				0325FD901CE233A300366FFF /* AppleTableViewCell.swift in Sources */,
				0325FD871CE232EE00366FFF /* FruitMultiCellTypeMultiSectionTableViewController.swift in Sources */,
				03DFD4F31CE4D5020080459E /* Total.swift in Sources */,
				033C521D1CE6365D00A1CA59 /* CellDequeueable.swift in Sources */,
				033C52191CE5702C00A1CA59 /* RottenAppleTableViewCell.swift in Sources */,
				0325FD961CE2512F00366FFF /* ReusableView.swift in Sources */,
				03712A5B1CEBA1C400E50318 /* FruitMultiCellSingleSectionTableViewController.swift in Sources */,
				03DFD4F11CE4D4E20080459E /* TotalTableViewCell.swift in Sources */,
				03712A571CEB9A4500E50318 /* UITableViewDataSources.swift in Sources */,
				0325FD751CE2329F00366FFF /* AppDelegate.swift in Sources */,
			);
			runOnlyForDeploymentPostprocessing = 0;
		};
		03520D2C1CEBB23500272654 /* Sources */ = {
			isa = PBXSourcesBuildPhase;
			buildActionMask = 2147483647;
			files = (
				03520D431CEBB27900272654 /* UITableViewDataSources.swift in Sources */,
				03520D421CEBB27700272654 /* Section.swift in Sources */,
				03520D401CEBB27200272654 /* ConfigurableView.swift in Sources */,
				03520D3F1CEBB27000272654 /* CellDisplayable.swift in Sources */,
				03520D3E1CEBB26D00272654 /* CellDequeueable.swift in Sources */,
				03520D411CEBB27500272654 /* ReusableView.swift in Sources */,
			);
			runOnlyForDeploymentPostprocessing = 0;
		};
/* End PBXSourcesBuildPhase section */

/* Begin PBXTargetDependency section */
		03520D371CEBB23500272654 /* PBXTargetDependency */ = {
			isa = PBXTargetDependency;
			target = 03520D301CEBB23500272654 /* swiftytableframework */;
			targetProxy = 03520D361CEBB23500272654 /* PBXContainerItemProxy */;
		};
/* End PBXTargetDependency section */

/* Begin PBXVariantGroup section */
		0325FD781CE2329F00366FFF /* Main.storyboard */ = {
			isa = PBXVariantGroup;
			children = (
				0325FD791CE2329F00366FFF /* Base */,
			);
			name = Main.storyboard;
			sourceTree = "<group>";
		};
		0325FD7D1CE2329F00366FFF /* LaunchScreen.storyboard */ = {
			isa = PBXVariantGroup;
			children = (
				0325FD7E1CE2329F00366FFF /* Base */,
			);
			name = LaunchScreen.storyboard;
			sourceTree = "<group>";
		};
/* End PBXVariantGroup section */

/* Begin XCBuildConfiguration section */
		0325FD811CE2329F00366FFF /* Debug */ = {
			isa = XCBuildConfiguration;
			buildSettings = {
				ALWAYS_SEARCH_USER_PATHS = NO;
				CLANG_ANALYZER_NONNULL = YES;
				CLANG_CXX_LANGUAGE_STANDARD = "gnu++0x";
				CLANG_CXX_LIBRARY = "libc++";
				CLANG_ENABLE_MODULES = YES;
				CLANG_ENABLE_OBJC_ARC = YES;
				CLANG_WARN_BOOL_CONVERSION = YES;
				CLANG_WARN_CONSTANT_CONVERSION = YES;
				CLANG_WARN_DIRECT_OBJC_ISA_USAGE = YES_ERROR;
				CLANG_WARN_EMPTY_BODY = YES;
				CLANG_WARN_ENUM_CONVERSION = YES;
				CLANG_WARN_INT_CONVERSION = YES;
				CLANG_WARN_OBJC_ROOT_CLASS = YES_ERROR;
				CLANG_WARN_UNREACHABLE_CODE = YES;
				CLANG_WARN__DUPLICATE_METHOD_MATCH = YES;
				"CODE_SIGN_IDENTITY[sdk=iphoneos*]" = "iPhone Developer";
				COPY_PHASE_STRIP = NO;
				DEBUG_INFORMATION_FORMAT = dwarf;
				ENABLE_STRICT_OBJC_MSGSEND = YES;
				ENABLE_TESTABILITY = YES;
				GCC_C_LANGUAGE_STANDARD = gnu99;
				GCC_DYNAMIC_NO_PIC = NO;
				GCC_NO_COMMON_BLOCKS = YES;
				GCC_OPTIMIZATION_LEVEL = 0;
				GCC_PREPROCESSOR_DEFINITIONS = (
					"DEBUG=1",
					"$(inherited)",
				);
				GCC_WARN_64_TO_32_BIT_CONVERSION = YES;
				GCC_WARN_ABOUT_RETURN_TYPE = YES_ERROR;
				GCC_WARN_UNDECLARED_SELECTOR = YES;
				GCC_WARN_UNINITIALIZED_AUTOS = YES_AGGRESSIVE;
				GCC_WARN_UNUSED_FUNCTION = YES;
				GCC_WARN_UNUSED_VARIABLE = YES;
				IPHONEOS_DEPLOYMENT_TARGET = 9.3;
				MTL_ENABLE_DEBUG_INFO = YES;
				ONLY_ACTIVE_ARCH = YES;
				SDKROOT = iphoneos;
				SWIFT_OPTIMIZATION_LEVEL = "-Onone";
				TARGETED_DEVICE_FAMILY = "1,2";
			};
			name = Debug;
		};
		0325FD821CE2329F00366FFF /* Release */ = {
			isa = XCBuildConfiguration;
			buildSettings = {
				ALWAYS_SEARCH_USER_PATHS = NO;
				CLANG_ANALYZER_NONNULL = YES;
				CLANG_CXX_LANGUAGE_STANDARD = "gnu++0x";
				CLANG_CXX_LIBRARY = "libc++";
				CLANG_ENABLE_MODULES = YES;
				CLANG_ENABLE_OBJC_ARC = YES;
				CLANG_WARN_BOOL_CONVERSION = YES;
				CLANG_WARN_CONSTANT_CONVERSION = YES;
				CLANG_WARN_DIRECT_OBJC_ISA_USAGE = YES_ERROR;
				CLANG_WARN_EMPTY_BODY = YES;
				CLANG_WARN_ENUM_CONVERSION = YES;
				CLANG_WARN_INT_CONVERSION = YES;
				CLANG_WARN_OBJC_ROOT_CLASS = YES_ERROR;
				CLANG_WARN_UNREACHABLE_CODE = YES;
				CLANG_WARN__DUPLICATE_METHOD_MATCH = YES;
				"CODE_SIGN_IDENTITY[sdk=iphoneos*]" = "iPhone Developer";
				COPY_PHASE_STRIP = NO;
				DEBUG_INFORMATION_FORMAT = "dwarf-with-dsym";
				ENABLE_NS_ASSERTIONS = NO;
				ENABLE_STRICT_OBJC_MSGSEND = YES;
				GCC_C_LANGUAGE_STANDARD = gnu99;
				GCC_NO_COMMON_BLOCKS = YES;
				GCC_WARN_64_TO_32_BIT_CONVERSION = YES;
				GCC_WARN_ABOUT_RETURN_TYPE = YES_ERROR;
				GCC_WARN_UNDECLARED_SELECTOR = YES;
				GCC_WARN_UNINITIALIZED_AUTOS = YES_AGGRESSIVE;
				GCC_WARN_UNUSED_FUNCTION = YES;
				GCC_WARN_UNUSED_VARIABLE = YES;
				IPHONEOS_DEPLOYMENT_TARGET = 9.3;
				MTL_ENABLE_DEBUG_INFO = NO;
				SDKROOT = iphoneos;
				TARGETED_DEVICE_FAMILY = "1,2";
				VALIDATE_PRODUCT = YES;
			};
			name = Release;
		};
		0325FD841CE2329F00366FFF /* Debug */ = {
			isa = XCBuildConfiguration;
			buildSettings = {
				ASSETCATALOG_COMPILER_APPICON_NAME = AppIcon;
				EMBEDDED_CONTENT_CONTAINS_SWIFT = YES;
				INFOPLIST_FILE = SwiftyTable/Info.plist;
				LD_RUNPATH_SEARCH_PATHS = "$(inherited) @executable_path/Frameworks";
				PRODUCT_BUNDLE_IDENTIFIER = com.adams.SwiftyTable;
				PRODUCT_NAME = "$(TARGET_NAME)";
			};
			name = Debug;
		};
		0325FD851CE2329F00366FFF /* Release */ = {
			isa = XCBuildConfiguration;
			buildSettings = {
				ASSETCATALOG_COMPILER_APPICON_NAME = AppIcon;
				EMBEDDED_CONTENT_CONTAINS_SWIFT = YES;
				INFOPLIST_FILE = SwiftyTable/Info.plist;
				LD_RUNPATH_SEARCH_PATHS = "$(inherited) @executable_path/Frameworks";
				PRODUCT_BUNDLE_IDENTIFIER = com.adams.SwiftyTable;
				PRODUCT_NAME = "$(TARGET_NAME)";
			};
			name = Release;
		};
		03520D3A1CEBB23500272654 /* Debug */ = {
			isa = XCBuildConfiguration;
			buildSettings = {
				CURRENT_PROJECT_VERSION = 1;
				DEFINES_MODULE = YES;
				DYLIB_COMPATIBILITY_VERSION = 1;
				DYLIB_CURRENT_VERSION = 1;
				DYLIB_INSTALL_NAME_BASE = "@rpath";
				INFOPLIST_FILE = swiftytableframework/Info.plist;
				INSTALL_PATH = "$(LOCAL_LIBRARY_DIR)/Frameworks";
				LD_RUNPATH_SEARCH_PATHS = "$(inherited) @executable_path/Frameworks @loader_path/Frameworks";
				PRODUCT_BUNDLE_IDENTIFIER = com.adams.swiftytableframework;
				PRODUCT_NAME = "$(TARGET_NAME)";
				SKIP_INSTALL = YES;
				VERSIONING_SYSTEM = "apple-generic";
				VERSION_INFO_PREFIX = "";
			};
			name = Debug;
		};
		03520D3B1CEBB23500272654 /* Release */ = {
			isa = XCBuildConfiguration;
			buildSettings = {
				CURRENT_PROJECT_VERSION = 1;
				DEFINES_MODULE = YES;
				DYLIB_COMPATIBILITY_VERSION = 1;
				DYLIB_CURRENT_VERSION = 1;
				DYLIB_INSTALL_NAME_BASE = "@rpath";
				INFOPLIST_FILE = swiftytableframework/Info.plist;
				INSTALL_PATH = "$(LOCAL_LIBRARY_DIR)/Frameworks";
				LD_RUNPATH_SEARCH_PATHS = "$(inherited) @executable_path/Frameworks @loader_path/Frameworks";
				PRODUCT_BUNDLE_IDENTIFIER = com.adams.swiftytableframework;
				PRODUCT_NAME = "$(TARGET_NAME)";
				SKIP_INSTALL = YES;
				VERSIONING_SYSTEM = "apple-generic";
				VERSION_INFO_PREFIX = "";
			};
			name = Release;
		};
/* End XCBuildConfiguration section */

/* Begin XCConfigurationList section */
		0325FD6C1CE2329F00366FFF /* Build configuration list for PBXProject "SwiftyTable" */ = {
			isa = XCConfigurationList;
			buildConfigurations = (
				0325FD811CE2329F00366FFF /* Debug */,
				0325FD821CE2329F00366FFF /* Release */,
			);
			defaultConfigurationIsVisible = 0;
			defaultConfigurationName = Release;
		};
		0325FD831CE2329F00366FFF /* Build configuration list for PBXNativeTarget "SwiftyTable" */ = {
			isa = XCConfigurationList;
			buildConfigurations = (
				0325FD841CE2329F00366FFF /* Debug */,
				0325FD851CE2329F00366FFF /* Release */,
			);
			defaultConfigurationIsVisible = 0;
			defaultConfigurationName = Release;
		};
		03520D3C1CEBB23500272654 /* Build configuration list for PBXNativeTarget "swiftytableframework" */ = {
			isa = XCConfigurationList;
			buildConfigurations = (
				03520D3A1CEBB23500272654 /* Debug */,
				03520D3B1CEBB23500272654 /* Release */,
			);
			defaultConfigurationIsVisible = 0;
		};
/* End XCConfigurationList section */
	};
	rootObject = 0325FD691CE2329F00366FFF /* Project object */;
}
